
Microsoft Visual Studio Solution File, Format Version 12.00
# Visual Studio Version 16
VisualStudioVersion = 16.0.31402.337
MinimumVisualStudioVersion = 10.0.40219.1
Project("{8BC9CEB8-8B4A-11D0-8D11-00A0C91BC942}") = "PawnPP", "PawnPP\PawnPP.vcxproj", "{D188BFCE-F65A-4F2C-B97E-7C7A568ADFEE}"
EndProject
Global
	GlobalSection(SolutionConfigurationPlatforms) = preSolution
		Debug|x64 = Debug|x64
		Debug|x86 = Debug|x86
		Release|x64 = Release|x64
		Release|x86 = Release|x86
	EndGlobalSection
	GlobalSection(ProjectConfigurationPlatforms) = postSolution
		{D188BFCE-F65A-4F2C-B97E-7C7A568ADFEE}.Debug|x64.ActiveCfg = Debug|x64
		{D188BFCE-F65A-4F2C-B97E-7C7A568ADFEE}.Debug|x64.Build.0 = Debug|x64
		{D188BFCE-F65A-4F2C-B97E-7C7A568ADFEE}.Debug|x86.ActiveCfg = Debug|Win32
		{D188BFCE-F65A-4F2C-B97E-7C7A568ADFEE}.Debug|x86.Build.0 = Debug|Win32
		{D188BFCE-F65A-4F2C-B97E-7C7A568ADFEE}.Release|x64.ActiveCfg = Release|x64
		{D188BFCE-F65A-4F2C-B97E-7C7A568ADFEE}.Release|x64.Build.0 = Release|x64
		{D188BFCE-F65A-4F2C-B97E-7C7A568ADFEE}.Release|x86.ActiveCfg = Release|Win32
		{D188BFCE-F65A-4F2C-B97E-7C7A568ADFEE}.Release|x86.Build.0 = Release|Win32
	EndGlobalSection
	GlobalSection(SolutionProperties) = preSolution
		HideSolutionNode = FALSE
	EndGlobalSection
	GlobalSection(ExtensibilityGlobals) = postSolution
		SolutionGuid = {B76239C7-DF87-4E09-ABDD-D4A4081E5897}
	EndGlobalSection
EndGlobal
